<?xml version="1.0" encoding="UTF-8" standalone="yes" ?>
<CodeBlocks_project_file>
	<FileVersion major="1" minor="6" />
	<Project>
		<Option title="Finance_Meneger_v1" />
		<Option pch_mode="2" />
		<Option compiler="gcc" />
		<Build>
			<Target title="Debug">
				<Option output="bin/Debug/Finance_Meneger_v1" prefix_auto="1" extension_auto="1" />
				<Option object_output="obj/Debug/" />
				<Option type="1" />
				<Option compiler="gcc" />
				<Compiler>
					<Add option="-g" />
				</Compiler>
			</Target>
			<Target title="Release">
				<Option output="bin/Release/Finance_Meneger_v1" prefix_auto="1" extension_auto="1" />
				<Option object_output="obj/Release/" />
				<Option type="1" />
				<Option compiler="gcc" />
				<Compiler>
					<Add option="-O2" />
				</Compiler>
				<Linker>
					<Add option="-s" />
				</Linker>
			</Target>
		</Build>
		<Compiler>
			<Add option="-Wall" />
			<Add option="-fexceptions" />
		</Compiler>
		<Unit filename="Amount.cpp" />
		<Unit filename="Amount.h" />
		<Unit filename="Expenses_File.cpp" />
		<Unit filename="Expenses_File.h" />
		<Unit filename="Financial_Manager.cpp" />
		<Unit filename="Financial_Manager.h" />
		<Unit filename="Incomes_File.cpp" />
		<Unit filename="Incomes_File.h" />
		<Unit filename="Markup.cpp" />
		<Unit filename="Markup.h" />
		<Unit filename="Minor_Methods.cpp" />
		<Unit filename="Minor_Methods.h" />
		<Unit filename="User.cpp" />
		<Unit filename="User.h" />
		<Unit filename="UserFinances_Manager.cpp" />
		<Unit filename="UserFinances_Manager.h" />
		<Unit filename="User_File.cpp" />
		<Unit filename="User_File.h" />
		<Unit filename="User_Manager.cpp" />
		<Unit filename="User_Manager.h" />
		<Unit filename="XML_File.cpp" />
		<Unit filename="XML_File.h" />
		<Unit filename="main.cpp" />
		<Extensions />
	</Project>
</CodeBlocks_project_file>
